
Microsoft Visual Studio Solution File, Format Version 11.00
# Visual Studio 2010
Project("{FAE04EC0-301F-11D3-BF4B-00C04F79EFBC}") = "Assembly-CSharp", "Assembly-CSharp.csproj", "{50E7051C-20EC-CF69-0CAB-9E6F6110F1C1}"
EndProject
Project("{FAE04EC0-301F-11D3-BF4B-00C04F79EFBC}") = "Assembly-CSharp-Editor", "Assembly-CSharp-Editor.csproj", "{80F043EC-9327-2057-56E8-63E700C60D72}"
EndProject
Global
	GlobalSection(SolutionConfigurationPlatforms) = preSolution
		Debug|Any CPU = Debug|Any CPU
		Release|Any CPU = Release|Any CPU
	EndGlobalSection
	GlobalSection(ProjectConfigurationPlatforms) = postSolution
		{50E7051C-20EC-CF69-0CAB-9E6F6110F1C1}.Debug|Any CPU.ActiveCfg = Debug|Any CPU
		{50E7051C-20EC-CF69-0CAB-9E6F6110F1C1}.Debug|Any CPU.Build.0 = Debug|Any CPU
		{50E7051C-20EC-CF69-0CAB-9E6F6110F1C1}.Release|Any CPU.ActiveCfg = Release|Any CPU
		{50E7051C-20EC-CF69-0CAB-9E6F6110F1C1}.Release|Any CPU.Build.0 = Release|Any CPU
		{80F043EC-9327-2057-56E8-63E700C60D72}.Debug|Any CPU.ActiveCfg = Debug|Any CPU
		{80F043EC-9327-2057-56E8-63E700C60D72}.Debug|Any CPU.Build.0 = Debug|Any CPU
		{80F043EC-9327-2057-56E8-63E700C60D72}.Release|Any CPU.ActiveCfg = Release|Any CPU
		{80F043EC-9327-2057-56E8-63E700C60D72}.Release|Any CPU.Build.0 = Release|Any CPU
	EndGlobalSection
	GlobalSection(SolutionProperties) = preSolution
		HideSolutionNode = FALSE
	EndGlobalSection
EndGlobal
